// !$*UTF8*$!
{
	archiveVersion = 1;
	classes = {
	};
	objectVersion = 56;
	objects = {

/* Begin PBXBuildFile section */
		100000000000000000000001 /* VitrascopeApp.swift in Sources */ = {isa = PBXBuildFile; fileRef = 200000000000000000000001 /* VitrascopeApp.swift */; };
		100000000000000000000002 /* SystemMonitor.swift in Sources */ = {isa = PBXBuildFile; fileRef = 200000000000000000000002 /* SystemMonitor.swift */; };
		100000000000000000000003 /* SystemSnapshot.swift in Sources */ = {isa = PBXBuildFile; fileRef = 200000000000000000000003 /* SystemSnapshot.swift */; };
		100000000000000000000004 /* Formatting.swift in Sources */ = {isa = PBXBuildFile; fileRef = 200000000000000000000004 /* Formatting.swift */; };
		100000000000000000000005 /* MetricCollector.swift in Sources */ = {isa = PBXBuildFile; fileRef = 200000000000000000000005 /* MetricCollector.swift */; };
		100000000000000000000006 /* CPUCollector.swift in Sources */ = {isa = PBXBuildFile; fileRef = 200000000000000000000006 /* CPUCollector.swift */; };
		100000000000000000000007 /* MemoryCollector.swift in Sources */ = {isa = PBXBuildFile; fileRef = 200000000000000000000007 /* MemoryCollector.swift */; };
		100000000000000000000008 /* GPUCollector.swift in Sources */ = {isa = PBXBuildFile; fileRef = 200000000000000000000008 /* GPUCollector.swift */; };
		100000000000000000000009 /* SMCCollector.swift in Sources */ = {isa = PBXBuildFile; fileRef = 200000000000000000000009 /* SMCCollector.swift */; };
		10000000000000000000000A /* MetricCard.swift in Sources */ = {isa = PBXBuildFile; fileRef = 20000000000000000000000A /* MetricCard.swift */; };
		10000000000000000000000B /* MiniChart.swift in Sources */ = {isa = PBXBuildFile; fileRef = 20000000000000000000000B /* MiniChart.swift */; };
		10000000000000000000000C /* MetricCards.swift in Sources */ = {isa = PBXBuildFile; fileRef = 20000000000000000000000C /* MetricCards.swift */; };
		10000000000000000000000D /* MenuBarLabel.swift in Sources */ = {isa = PBXBuildFile; fileRef = 20000000000000000000000D /* MenuBarLabel.swift */; };
		10000000000000000000000E /* MenuBarContentView.swift in Sources */ = {isa = PBXBuildFile; fileRef = 20000000000000000000000E /* MenuBarContentView.swift */; };
		10000000000000000000000F /* Assets.xcassets in Resources */ = {isa = PBXBuildFile; fileRef = 200000000000000000000010 /* Assets.xcassets */; };
		100000000000000000000010 /* ModelTests.swift in Sources */ = {isa = PBXBuildFile; fileRef = 200000000000000000000012 /* ModelTests.swift */; };
		100000000000000000000011 /* CollectorTests.swift in Sources */ = {isa = PBXBuildFile; fileRef = 200000000000000000000013 /* CollectorTests.swift */; };
		100000000000000000000012 /* HIDTemperatureCollector.swift in Sources */ = {isa = PBXBuildFile; fileRef = 200000000000000000000015 /* HIDTemperatureCollector.swift */; };
		100000000000000000000013 /* ProcessCollector.swift in Sources */ = {isa = PBXBuildFile; fileRef = 200000000000000000000016 /* ProcessCollector.swift */; };
/* End PBXBuildFile section */

/* Begin PBXContainerItemProxy section */
		300000000000000000000001 /* PBXContainerItemProxy */ = {
			isa = PBXContainerItemProxy;
			containerPortal = 400000000000000000000001 /* Project object */;
			proxyType = 1;
			remoteGlobalIDString = 500000000000000000000001;
			remoteInfo = Vitrascope;
		};
/* End PBXContainerItemProxy section */

/* Begin PBXFileReference section */
		200000000000000000000001 /* VitrascopeApp.swift */ = {isa = PBXFileReference; lastKnownFileType = sourcecode.swift; path = VitrascopeApp.swift; sourceTree = "<group>"; };
		200000000000000000000002 /* SystemMonitor.swift */ = {isa = PBXFileReference; lastKnownFileType = sourcecode.swift; path = SystemMonitor.swift; sourceTree = "<group>"; };
		200000000000000000000003 /* SystemSnapshot.swift */ = {isa = PBXFileReference; lastKnownFileType = sourcecode.swift; path = SystemSnapshot.swift; sourceTree = "<group>"; };
		200000000000000000000004 /* Formatting.swift */ = {isa = PBXFileReference; lastKnownFileType = sourcecode.swift; path = Formatting.swift; sourceTree = "<group>"; };
		200000000000000000000005 /* MetricCollector.swift */ = {isa = PBXFileReference; lastKnownFileType = sourcecode.swift; path = MetricCollector.swift; sourceTree = "<group>"; };
		200000000000000000000006 /* CPUCollector.swift */ = {isa = PBXFileReference; lastKnownFileType = sourcecode.swift; path = CPUCollector.swift; sourceTree = "<group>"; };
		200000000000000000000007 /* MemoryCollector.swift */ = {isa = PBXFileReference; lastKnownFileType = sourcecode.swift; path = MemoryCollector.swift; sourceTree = "<group>"; };
		200000000000000000000008 /* GPUCollector.swift */ = {isa = PBXFileReference; lastKnownFileType = sourcecode.swift; path = GPUCollector.swift; sourceTree = "<group>"; };
		200000000000000000000009 /* SMCCollector.swift */ = {isa = PBXFileReference; lastKnownFileType = sourcecode.swift; path = SMCCollector.swift; sourceTree = "<group>"; };
		20000000000000000000000A /* MetricCard.swift */ = {isa = PBXFileReference; lastKnownFileType = sourcecode.swift; path = MetricCard.swift; sourceTree = "<group>"; };
		20000000000000000000000B /* MiniChart.swift */ = {isa = PBXFileReference; lastKnownFileType = sourcecode.swift; path = MiniChart.swift; sourceTree = "<group>"; };
		20000000000000000000000C /* MetricCards.swift */ = {isa = PBXFileReference; lastKnownFileType = sourcecode.swift; path = MetricCards.swift; sourceTree = "<group>"; };
		20000000000000000000000D /* MenuBarLabel.swift */ = {isa = PBXFileReference; lastKnownFileType = sourcecode.swift; path = MenuBarLabel.swift; sourceTree = "<group>"; };
		20000000000000000000000E /* MenuBarContentView.swift */ = {isa = PBXFileReference; lastKnownFileType = sourcecode.swift; path = MenuBarContentView.swift; sourceTree = "<group>"; };
		20000000000000000000000F /* Info.plist */ = {isa = PBXFileReference; lastKnownFileType = text.plist.xml; path = Info.plist; sourceTree = "<group>"; };
		200000000000000000000010 /* Assets.xcassets */ = {isa = PBXFileReference; lastKnownFileType = folder.assetcatalog; path = Assets.xcassets; sourceTree = "<group>"; };
		200000000000000000000011 /* Vitrascope.app */ = {isa = PBXFileReference; explicitFileType = wrapper.application; includeInIndex = 0; path = Vitrascope.app; sourceTree = BUILT_PRODUCTS_DIR; };
		200000000000000000000012 /* ModelTests.swift */ = {isa = PBXFileReference; lastKnownFileType = sourcecode.swift; path = ModelTests.swift; sourceTree = "<group>"; };
		200000000000000000000013 /* CollectorTests.swift */ = {isa = PBXFileReference; lastKnownFileType = sourcecode.swift; path = CollectorTests.swift; sourceTree = "<group>"; };
		200000000000000000000014 /* VitrascopeTests.xctest */ = {isa = PBXFileReference; explicitFileType = wrapper.cfbundle; includeInIndex = 0; path = VitrascopeTests.xctest; sourceTree = BUILT_PRODUCTS_DIR; };
		200000000000000000000015 /* HIDTemperatureCollector.swift */ = {isa = PBXFileReference; lastKnownFileType = sourcecode.swift; path = HIDTemperatureCollector.swift; sourceTree = "<group>"; };
		200000000000000000000016 /* ProcessCollector.swift */ = {isa = PBXFileReference; lastKnownFileType = sourcecode.swift; path = ProcessCollector.swift; sourceTree = "<group>"; };
/* End PBXFileReference section */

/* Begin PBXFrameworksBuildPhase section */
		600000000000000000000001 /* Frameworks */ = {
			isa = PBXFrameworksBuildPhase;
			buildActionMask = 2147483647;
			files = (
			);
			runOnlyForDeploymentPostprocessing = 0;
		};
		600000000000000000000002 /* Frameworks */ = {
			isa = PBXFrameworksBuildPhase;
			buildActionMask = 2147483647;
			files = (
			);
			runOnlyForDeploymentPostprocessing = 0;
		};
/* End PBXFrameworksBuildPhase section */

/* Begin PBXGroup section */
		700000000000000000000001 = {
			isa = PBXGroup;
			children = (
				700000000000000000000002 /* Vitrascope */,
				700000000000000000000008 /* VitrascopeTests */,
				700000000000000000000009 /* Products */,
			);
			sourceTree = "<group>";
		};
		700000000000000000000002 /* Vitrascope */ = {
			isa = PBXGroup;
			children = (
				200000000000000000000001 /* VitrascopeApp.swift */,
				200000000000000000000002 /* SystemMonitor.swift */,
				700000000000000000000003 /* Models */,
				700000000000000000000004 /* Collectors */,
				700000000000000000000005 /* Utilities */,
				700000000000000000000006 /* Views */,
				200000000000000000000010 /* Assets.xcassets */,
				20000000000000000000000F /* Info.plist */,
			);
			path = Vitrascope;
			sourceTree = "<group>";
		};
		700000000000000000000003 /* Models */ = {
			isa = PBXGroup;
			children = (
				200000000000000000000003 /* SystemSnapshot.swift */,
			);
			path = Models;
			sourceTree = "<group>";
		};
		700000000000000000000004 /* Collectors */ = {
			isa = PBXGroup;
			children = (
				200000000000000000000005 /* MetricCollector.swift */,
				200000000000000000000006 /* CPUCollector.swift */,
				200000000000000000000007 /* MemoryCollector.swift */,
				200000000000000000000008 /* GPUCollector.swift */,
				200000000000000000000009 /* SMCCollector.swift */,
				200000000000000000000015 /* HIDTemperatureCollector.swift */,
				200000000000000000000016 /* ProcessCollector.swift */,
			);
			path = Collectors;
			sourceTree = "<group>";
		};
		700000000000000000000005 /* Utilities */ = {
			isa = PBXGroup;
			children = (
				200000000000000000000004 /* Formatting.swift */,
			);
			path = Utilities;
			sourceTree = "<group>";
		};
		700000000000000000000006 /* Views */ = {
			isa = PBXGroup;
			children = (
				20000000000000000000000C /* MetricCards.swift */,
				20000000000000000000000D /* MenuBarLabel.swift */,
				20000000000000000000000E /* MenuBarContentView.swift */,
				700000000000000000000007 /* Components */,
			);
			path = Views;
			sourceTree = "<group>";
		};
		700000000000000000000007 /* Components */ = {
			isa = PBXGroup;
			children = (
				20000000000000000000000A /* MetricCard.swift */,
				20000000000000000000000B /* MiniChart.swift */,
			);
			path = Components;
			sourceTree = "<group>";
		};
		700000000000000000000008 /* VitrascopeTests */ = {
			isa = PBXGroup;
			children = (
				200000000000000000000012 /* ModelTests.swift */,
				200000000000000000000013 /* CollectorTests.swift */,
			);
			path = VitrascopeTests;
			sourceTree = "<group>";
		};
		700000000000000000000009 /* Products */ = {
			isa = PBXGroup;
			children = (
				200000000000000000000011 /* Vitrascope.app */,
				200000000000000000000014 /* VitrascopeTests.xctest */,
			);
			name = Products;
			sourceTree = "<group>";
		};
/* End PBXGroup section */

/* Begin PBXNativeTarget section */
		500000000000000000000001 /* Vitrascope */ = {
			isa = PBXNativeTarget;
			buildConfigurationList = 800000000000000000000002 /* Build configuration list for PBXNativeTarget "Vitrascope" */;
			buildPhases = (
				600000000000000000000003 /* Sources */,
				600000000000000000000001 /* Frameworks */,
				600000000000000000000004 /* Resources */,
			);
			buildRules = (
			);
			dependencies = (
			);
			name = Vitrascope;
			productName = Vitrascope;
			productReference = 200000000000000000000011 /* Vitrascope.app */;
			productType = "com.apple.product-type.application";
		};
		500000000000000000000002 /* VitrascopeTests */ = {
			isa = PBXNativeTarget;
			buildConfigurationList = 800000000000000000000003 /* Build configuration list for PBXNativeTarget "VitrascopeTests" */;
			buildPhases = (
				600000000000000000000005 /* Sources */,
				600000000000000000000002 /* Frameworks */,
				600000000000000000000006 /* Resources */,
			);
			buildRules = (
			);
			dependencies = (
				900000000000000000000001 /* PBXTargetDependency */,
			);
			name = VitrascopeTests;
			productName = VitrascopeTests;
			productReference = 200000000000000000000014 /* VitrascopeTests.xctest */;
			productType = "com.apple.product-type.bundle.unit-test";
		};
/* End PBXNativeTarget section */

/* Begin PBXProject section */
		400000000000000000000001 /* Project object */ = {
			isa = PBXProject;
			attributes = {
				BuildIndependentTargetsInParallel = 1;
				LastSwiftUpdateCheck = 2640;
				LastUpgradeCheck = 2640;
				TargetAttributes = {
					500000000000000000000001 = {
						CreatedOnToolsVersion = 26.4;
					};
					500000000000000000000002 = {
						CreatedOnToolsVersion = 26.4;
						TestTargetID = 500000000000000000000001;
					};
				};
			};
			buildConfigurationList = 800000000000000000000001 /* Build configuration list for PBXProject "Vitrascope" */;
			compatibilityVersion = "Xcode 14.0";
			developmentRegion = en;
			hasScannedForEncodings = 0;
			knownRegions = (
				en,
				Base,
			);
			mainGroup = 700000000000000000000001;
			productRefGroup = 700000000000000000000009 /* Products */;
			projectDirPath = "";
			projectRoot = "";
			targets = (
				500000000000000000000001 /* Vitrascope */,
				500000000000000000000002 /* VitrascopeTests */,
			);
		};
/* End PBXProject section */

/* Begin PBXResourcesBuildPhase section */
		600000000000000000000004 /* Resources */ = {
			isa = PBXResourcesBuildPhase;
			buildActionMask = 2147483647;
			files = (
				10000000000000000000000F /* Assets.xcassets in Resources */,
			);
			runOnlyForDeploymentPostprocessing = 0;
		};
		600000000000000000000006 /* Resources */ = {
			isa = PBXResourcesBuildPhase;
			buildActionMask = 2147483647;
			files = (
			);
			runOnlyForDeploymentPostprocessing = 0;
		};
/* End PBXResourcesBuildPhase section */

/* Begin PBXSourcesBuildPhase section */
		600000000000000000000003 /* Sources */ = {
			isa = PBXSourcesBuildPhase;
			buildActionMask = 2147483647;
			files = (
				100000000000000000000001 /* VitrascopeApp.swift in Sources */,
				100000000000000000000002 /* SystemMonitor.swift in Sources */,
				100000000000000000000003 /* SystemSnapshot.swift in Sources */,
				100000000000000000000004 /* Formatting.swift in Sources */,
				100000000000000000000005 /* MetricCollector.swift in Sources */,
				100000000000000000000006 /* CPUCollector.swift in Sources */,
				100000000000000000000007 /* MemoryCollector.swift in Sources */,
				100000000000000000000008 /* GPUCollector.swift in Sources */,
				100000000000000000000009 /* SMCCollector.swift in Sources */,
				10000000000000000000000A /* MetricCard.swift in Sources */,
				10000000000000000000000B /* MiniChart.swift in Sources */,
				10000000000000000000000C /* MetricCards.swift in Sources */,
				10000000000000000000000D /* MenuBarLabel.swift in Sources */,
				10000000000000000000000E /* MenuBarContentView.swift in Sources */,
				100000000000000000000012 /* HIDTemperatureCollector.swift in Sources */,
				100000000000000000000013 /* ProcessCollector.swift in Sources */,
			);
			runOnlyForDeploymentPostprocessing = 0;
		};
		600000000000000000000005 /* Sources */ = {
			isa = PBXSourcesBuildPhase;
			buildActionMask = 2147483647;
			files = (
				100000000000000000000010 /* ModelTests.swift in Sources */,
				100000000000000000000011 /* CollectorTests.swift in Sources */,
			);
			runOnlyForDeploymentPostprocessing = 0;
		};
/* End PBXSourcesBuildPhase section */

/* Begin PBXTargetDependency section */
		900000000000000000000001 /* PBXTargetDependency */ = {
			isa = PBXTargetDependency;
			target = 500000000000000000000001 /* Vitrascope */;
			targetProxy = 300000000000000000000001 /* PBXContainerItemProxy */;
		};
/* End PBXTargetDependency section */

/* Begin XCBuildConfiguration section */
		A00000000000000000000001 /* Debug */ = {
			isa = XCBuildConfiguration;
			buildSettings = {
				ALWAYS_SEARCH_USER_PATHS = NO;
				CLANG_ANALYZER_NONNULL = YES;
				CLANG_ENABLE_MODULES = YES;
				CLANG_ENABLE_OBJC_ARC = YES;
				CLANG_WARN_BOOL_CONVERSION = YES;
				CLANG_WARN_COMMA = YES;
				CLANG_WARN_CONSTANT_CONVERSION = YES;
				CLANG_WARN_DEPRECATED_OBJC_IMPLEMENTATIONS = YES;
				CLANG_WARN_DOCUMENTATION_COMMENTS = YES;
				CLANG_WARN_EMPTY_BODY = YES;
				CLANG_WARN_ENUM_CONVERSION = YES;
				CLANG_WARN_INFINITE_RECURSION = YES;
				CLANG_WARN_INT_CONVERSION = YES;
				CLANG_WARN_NON_LITERAL_NULL_CONVERSION = YES;
				CLANG_WARN_OBJC_IMPLICIT_RETAIN_SELF = YES;
				CLANG_WARN_OBJC_LITERAL_CONVERSION = YES;
				CLANG_WARN_QUOTED_INCLUDE_IN_FRAMEWORK_HEADER = YES;
				CLANG_WARN_RANGE_LOOP_ANALYSIS = YES;
				CLANG_WARN_STRICT_PROTOTYPES = YES;
				CLANG_WARN_SUSPICIOUS_MOVE = YES;
				CLANG_WARN_UNGUARDED_AVAILABILITY = YES_AGGRESSIVE;
				CLANG_WARN_UNREACHABLE_CODE = YES;
				COPY_PHASE_STRIP = NO;
				DEBUG_INFORMATION_FORMAT = dwarf;
				ENABLE_STRICT_OBJC_MSGSEND = YES;
				ENABLE_TESTABILITY = YES;
				GCC_C_LANGUAGE_STANDARD = gnu17;
				GCC_NO_COMMON_BLOCKS = YES;
				GCC_OPTIMIZATION_LEVEL = 0;
				GCC_PREPROCESSOR_DEFINITIONS = (
					"DEBUG=1",
					"$(inherited)",
				);
				GCC_WARN_64_TO_32_BIT_CONVERSION = YES;
				GCC_WARN_ABOUT_RETURN_TYPE = YES_ERROR;
				GCC_WARN_UNDECLARED_SELECTOR = YES;
				GCC_WARN_UNINITIALIZED_AUTOS = YES_AGGRESSIVE;
				GCC_WARN_UNUSED_FUNCTION = YES;
				GCC_WARN_UNUSED_VARIABLE = YES;
				MTL_ENABLE_DEBUG_INFO = INCLUDE_SOURCE;
				MTL_FAST_MATH = YES;
				ONLY_ACTIVE_ARCH = YES;
				SDKROOT = macosx;
				SWIFT_ACTIVE_COMPILATION_CONDITIONS = "DEBUG $(inherited)";
				SWIFT_OPTIMIZATION_LEVEL = "-Onone";
			};
			name = Debug;
		};
		A00000000000000000000002 /* Release */ = {
			isa = XCBuildConfiguration;
			buildSettings = {
				ALWAYS_SEARCH_USER_PATHS = NO;
				CLANG_ANALYZER_NONNULL = YES;
				CLANG_ENABLE_MODULES = YES;
				CLANG_ENABLE_OBJC_ARC = YES;
				CLANG_WARN_BOOL_CONVERSION = YES;
				CLANG_WARN_COMMA = YES;
				CLANG_WARN_CONSTANT_CONVERSION = YES;
				CLANG_WARN_DEPRECATED_OBJC_IMPLEMENTATIONS = YES;
				CLANG_WARN_DOCUMENTATION_COMMENTS = YES;
				CLANG_WARN_EMPTY_BODY = YES;
				CLANG_WARN_ENUM_CONVERSION = YES;
				CLANG_WARN_INFINITE_RECURSION = YES;
				CLANG_WARN_INT_CONVERSION = YES;
				CLANG_WARN_NON_LITERAL_NULL_CONVERSION = YES;
				CLANG_WARN_OBJC_IMPLICIT_RETAIN_SELF = YES;
				CLANG_WARN_OBJC_LITERAL_CONVERSION = YES;
				CLANG_WARN_QUOTED_INCLUDE_IN_FRAMEWORK_HEADER = YES;
				CLANG_WARN_RANGE_LOOP_ANALYSIS = YES;
				CLANG_WARN_STRICT_PROTOTYPES = YES;
				CLANG_WARN_SUSPICIOUS_MOVE = YES;
				CLANG_WARN_UNGUARDED_AVAILABILITY = YES_AGGRESSIVE;
				CLANG_WARN_UNREACHABLE_CODE = YES;
				COPY_PHASE_STRIP = NO;
				DEBUG_INFORMATION_FORMAT = "dwarf-with-dsym";
				ENABLE_NS_ASSERTIONS = NO;
				ENABLE_STRICT_OBJC_MSGSEND = YES;
				GCC_C_LANGUAGE_STANDARD = gnu17;
				GCC_NO_COMMON_BLOCKS = YES;
				GCC_WARN_64_TO_32_BIT_CONVERSION = YES;
				GCC_WARN_ABOUT_RETURN_TYPE = YES_ERROR;
				GCC_WARN_UNDECLARED_SELECTOR = YES;
				GCC_WARN_UNINITIALIZED_AUTOS = YES_AGGRESSIVE;
				GCC_WARN_UNUSED_FUNCTION = YES;
				GCC_WARN_UNUSED_VARIABLE = YES;
				MTL_ENABLE_DEBUG_INFO = NO;
				MTL_FAST_MATH = YES;
				SDKROOT = macosx;
				SWIFT_COMPILATION_MODE = wholemodule;
			};
			name = Release;
		};
		A00000000000000000000003 /* Debug */ = {
			isa = XCBuildConfiguration;
			buildSettings = {
				ARCHS = arm64;
				ASSETCATALOG_COMPILER_ACCENT_COLOR_NAME = AccentColor;
				ASSETCATALOG_COMPILER_APPICON_NAME = AppIcon;
				CODE_SIGN_STYLE = Automatic;
				CURRENT_PROJECT_VERSION = 4;
				ENABLE_APP_SANDBOX = NO;
				GENERATE_INFOPLIST_FILE = NO;
				INFOPLIST_FILE = Vitrascope/Info.plist;
				LD_RUNPATH_SEARCH_PATHS = (
					"$(inherited)",
					"@executable_path/../Frameworks",
				);
				MACOSX_DEPLOYMENT_TARGET = 26.0;
				MARKETING_VERSION = 0.4.2;
				PRODUCT_BUNDLE_IDENTIFIER = io.github.houou81.vitrascopelw;
				PRODUCT_NAME = "$(TARGET_NAME)";
				SUPPORTED_PLATFORMS = macosx;
				SWIFT_EMIT_LOC_STRINGS = YES;
				SWIFT_STRICT_CONCURRENCY = complete;
				SWIFT_VERSION = 6.0;
			};
			name = Debug;
		};
		A00000000000000000000004 /* Release */ = {
			isa = XCBuildConfiguration;
			buildSettings = {
				ARCHS = arm64;
				ASSETCATALOG_COMPILER_ACCENT_COLOR_NAME = AccentColor;
				ASSETCATALOG_COMPILER_APPICON_NAME = AppIcon;
				CODE_SIGN_STYLE = Automatic;
				CURRENT_PROJECT_VERSION = 4;
				ENABLE_APP_SANDBOX = NO;
				GENERATE_INFOPLIST_FILE = NO;
				INFOPLIST_FILE = Vitrascope/Info.plist;
				LD_RUNPATH_SEARCH_PATHS = (
					"$(inherited)",
					"@executable_path/../Frameworks",
				);
				MACOSX_DEPLOYMENT_TARGET = 26.0;
				MARKETING_VERSION = 0.4.2;
				PRODUCT_BUNDLE_IDENTIFIER = io.github.houou81.vitrascopelw;
				PRODUCT_NAME = "$(TARGET_NAME)";
				SUPPORTED_PLATFORMS = macosx;
				SWIFT_EMIT_LOC_STRINGS = YES;
				SWIFT_STRICT_CONCURRENCY = complete;
				SWIFT_VERSION = 6.0;
			};
			name = Release;
		};
		A00000000000000000000005 /* Debug */ = {
			isa = XCBuildConfiguration;
			buildSettings = {
				ARCHS = arm64;
				BUNDLE_LOADER = "$(TEST_HOST)";
				CODE_SIGN_STYLE = Automatic;
				GENERATE_INFOPLIST_FILE = YES;
				MACOSX_DEPLOYMENT_TARGET = 26.0;
				PRODUCT_BUNDLE_IDENTIFIER = io.github.houou81.vitrascopelw.tests;
				PRODUCT_NAME = "$(TARGET_NAME)";
				SWIFT_STRICT_CONCURRENCY = complete;
				SWIFT_VERSION = 6.0;
				TEST_HOST = "$(BUILT_PRODUCTS_DIR)/Vitrascope.app/Contents/MacOS/Vitrascope";
			};
			name = Debug;
		};
		A00000000000000000000006 /* Release */ = {
			isa = XCBuildConfiguration;
			buildSettings = {
				ARCHS = arm64;
				BUNDLE_LOADER = "$(TEST_HOST)";
				CODE_SIGN_STYLE = Automatic;
				GENERATE_INFOPLIST_FILE = YES;
				MACOSX_DEPLOYMENT_TARGET = 26.0;
				PRODUCT_BUNDLE_IDENTIFIER = io.github.houou81.vitrascopelw.tests;
				PRODUCT_NAME = "$(TARGET_NAME)";
				SWIFT_STRICT_CONCURRENCY = complete;
				SWIFT_VERSION = 6.0;
				TEST_HOST = "$(BUILT_PRODUCTS_DIR)/Vitrascope.app/Contents/MacOS/Vitrascope";
			};
			name = Release;
		};
/* End XCBuildConfiguration section */

/* Begin XCConfigurationList section */
		800000000000000000000001 /* Build configuration list for PBXProject "Vitrascope" */ = {
			isa = XCConfigurationList;
			buildConfigurations = (
				A00000000000000000000001 /* Debug */,
				A00000000000000000000002 /* Release */,
			);
			defaultConfigurationIsVisible = 0;
			defaultConfigurationName = Release;
		};
		800000000000000000000002 /* Build configuration list for PBXNativeTarget "Vitrascope" */ = {
			isa = XCConfigurationList;
			buildConfigurations = (
				A00000000000000000000003 /* Debug */,
				A00000000000000000000004 /* Release */,
			);
			defaultConfigurationIsVisible = 0;
			defaultConfigurationName = Release;
		};
		800000000000000000000003 /* Build configuration list for PBXNativeTarget "VitrascopeTests" */ = {
			isa = XCConfigurationList;
			buildConfigurations = (
				A00000000000000000000005 /* Debug */,
				A00000000000000000000006 /* Release */,
			);
			defaultConfigurationIsVisible = 0;
			defaultConfigurationName = Release;
		};
/* End XCConfigurationList section */
	};
	rootObject = 400000000000000000000001 /* Project object */;
}
